
Microsoft Visual Studio Solution File, Format Version 12.00
# Visual Studio 14
VisualStudioVersion = 14.0.24720.0
MinimumVisualStudioVersion = 10.0.40219.1
Project("{FAE04EC0-301F-11D3-BF4B-00C04F79EFBC}") = "MyNUnit", "MyNUnit\MyNUnit.csproj", "{3055D587-A571-4539-A53C-5834B55CD1A1}"
EndProject
Project("{FAE04EC0-301F-11D3-BF4B-00C04F79EFBC}") = "NUnit", "NUnit\NUnit.csproj", "{6EC4C613-35D9-45A2-85C7-50FA25215D16}"
EndProject
Project("{FAE04EC0-301F-11D3-BF4B-00C04F79EFBC}") = "NUnitTest", "NUnitTest\NUnitTest.csproj", "{FC5BB8AA-8403-442F-8F24-0B8DC01965FA}"
EndProject
Project("{FAE04EC0-301F-11D3-BF4B-00C04F79EFBC}") = "MyNUnitTests", "MyNUnitTests\MyNUnitTests.csproj", "{D6720DC6-009C-4E01-90D7-C7B46DEDA1CA}"
EndProject
Global
	GlobalSection(SolutionConfigurationPlatforms) = preSolution
		Debug|Any CPU = Debug|Any CPU
		Release|Any CPU = Release|Any CPU
	EndGlobalSection
	GlobalSection(ProjectConfigurationPlatforms) = postSolution
		{3055D587-A571-4539-A53C-5834B55CD1A1}.Debug|Any CPU.ActiveCfg = Debug|Any CPU
		{3055D587-A571-4539-A53C-5834B55CD1A1}.Debug|Any CPU.Build.0 = Debug|Any CPU
		{3055D587-A571-4539-A53C-5834B55CD1A1}.Release|Any CPU.ActiveCfg = Release|Any CPU
		{3055D587-A571-4539-A53C-5834B55CD1A1}.Release|Any CPU.Build.0 = Release|Any CPU
		{6EC4C613-35D9-45A2-85C7-50FA25215D16}.Debug|Any CPU.ActiveCfg = Debug|Any CPU
		{6EC4C613-35D9-45A2-85C7-50FA25215D16}.Debug|Any CPU.Build.0 = Debug|Any CPU
		{6EC4C613-35D9-45A2-85C7-50FA25215D16}.Release|Any CPU.ActiveCfg = Release|Any CPU
		{6EC4C613-35D9-45A2-85C7-50FA25215D16}.Release|Any CPU.Build.0 = Release|Any CPU
		{FC5BB8AA-8403-442F-8F24-0B8DC01965FA}.Debug|Any CPU.ActiveCfg = Debug|Any CPU
		{FC5BB8AA-8403-442F-8F24-0B8DC01965FA}.Debug|Any CPU.Build.0 = Debug|Any CPU
		{FC5BB8AA-8403-442F-8F24-0B8DC01965FA}.Release|Any CPU.ActiveCfg = Release|Any CPU
		{FC5BB8AA-8403-442F-8F24-0B8DC01965FA}.Release|Any CPU.Build.0 = Release|Any CPU
		{D6720DC6-009C-4E01-90D7-C7B46DEDA1CA}.Debug|Any CPU.ActiveCfg = Debug|Any CPU
		{D6720DC6-009C-4E01-90D7-C7B46DEDA1CA}.Debug|Any CPU.Build.0 = Debug|Any CPU
		{D6720DC6-009C-4E01-90D7-C7B46DEDA1CA}.Release|Any CPU.ActiveCfg = Release|Any CPU
		{D6720DC6-009C-4E01-90D7-C7B46DEDA1CA}.Release|Any CPU.Build.0 = Release|Any CPU
	EndGlobalSection
	GlobalSection(SolutionProperties) = preSolution
		HideSolutionNode = FALSE
	EndGlobalSection
EndGlobal
